PODS:
  - YandexMobileMetrica (3.2.0):
    - YandexMobileMetrica/Static (= 3.2.0)
  - YandexMobileMetrica/Static (3.2.0)

DEPENDENCIES:
  - YandexMobileMetrica (= 3.2.0)

SPEC REPOS:
  https://github.com/cocoapods/specs.git:
    - YandexMobileMetrica

SPEC CHECKSUMS:
  YandexMobileMetrica: f18374ee6977a4cd1d0a86298a0df4ad7baf4135

PODFILE CHECKSUM: 8a426590c7e4426739164ae67a4b865cb073ad81

COCOAPODS: 1.5.3
